
Microsoft Visual Studio Solution File, Format Version 12.00
# Visual Studio Version 16
VisualStudioVersion = 16.0.31911.196
MinimumVisualStudioVersion = 10.0.40219.1
Project("{FAE04EC0-301F-11D3-BF4B-00C04F79EFBC}") = "EmployeesApp", "EmployeesApp.csproj", "{FAE65D42-5625-4F6A-BACF-9743F3A4AA1C}"
EndProject
Global
	GlobalSection(SolutionConfigurationPlatforms) = preSolution
		Debug|Any CPU = Debug|Any CPU
		Release|Any CPU = Release|Any CPU
	EndGlobalSection
	GlobalSection(ProjectConfigurationPlatforms) = postSolution
		{FAE65D42-5625-4F6A-BACF-9743F3A4AA1C}.Debug|Any CPU.ActiveCfg = Debug|Any CPU
		{FAE65D42-5625-4F6A-BACF-9743F3A4AA1C}.Debug|Any CPU.Build.0 = Debug|Any CPU
		{FAE65D42-5625-4F6A-BACF-9743F3A4AA1C}.Release|Any CPU.ActiveCfg = Release|Any CPU
		{FAE65D42-5625-4F6A-BACF-9743F3A4AA1C}.Release|Any CPU.Build.0 = Release|Any CPU
	EndGlobalSection
	GlobalSection(SolutionProperties) = preSolution
		HideSolutionNode = FALSE
	EndGlobalSection
	GlobalSection(ExtensibilityGlobals) = postSolution
		SolutionGuid = {222AC5C1-2457-4D38-AAB7-0D002581ECC3}
	EndGlobalSection
EndGlobal
